
Microsoft Visual Studio Solution File, Format Version 12.00
# Visual Studio Version 17
VisualStudioVersion = 17.13.35806.99 d17.13
MinimumVisualStudioVersion = 10.0.40219.1
Project("{FAE04EC0-301F-11D3-BF4B-00C04F79EFBC}") = "MCSkinViewer.WPF", "MCSkinViewer.WPF\MCSkinViewer.WPF.csproj", "{1D9C2A07-72F2-4F39-8763-58543C4A3995}"
EndProject
Project("{2150E333-8FDC-42A3-9474-1A3956D46DE8}") = "src", "src", "{02EA681E-C7D8-13C7-8484-4AC65E1B71E8}"
EndProject
Project("{FAE04EC0-301F-11D3-BF4B-00C04F79EFBC}") = "MCSkinViewer.WPF.SampleApp", "MCSkinViewer.WPF.SampleApp\MCSkinViewer.WPF.SampleApp.csproj", "{5EE09B0B-4D61-4114-A580-013DDCD7F1E3}"
EndProject
Global
	GlobalSection(SolutionConfigurationPlatforms) = preSolution
		Debug|Any CPU = Debug|Any CPU
		Release|Any CPU = Release|Any CPU
	EndGlobalSection
	GlobalSection(ProjectConfigurationPlatforms) = postSolution
		{1D9C2A07-72F2-4F39-8763-58543C4A3995}.Debug|Any CPU.ActiveCfg = Debug|Any CPU
		{1D9C2A07-72F2-4F39-8763-58543C4A3995}.Debug|Any CPU.Build.0 = Debug|Any CPU
		{1D9C2A07-72F2-4F39-8763-58543C4A3995}.Release|Any CPU.ActiveCfg = Release|Any CPU
		{1D9C2A07-72F2-4F39-8763-58543C4A3995}.Release|Any CPU.Build.0 = Release|Any CPU
		{5EE09B0B-4D61-4114-A580-013DDCD7F1E3}.Debug|Any CPU.ActiveCfg = Debug|Any CPU
		{5EE09B0B-4D61-4114-A580-013DDCD7F1E3}.Debug|Any CPU.Build.0 = Debug|Any CPU
		{5EE09B0B-4D61-4114-A580-013DDCD7F1E3}.Release|Any CPU.ActiveCfg = Release|Any CPU
		{5EE09B0B-4D61-4114-A580-013DDCD7F1E3}.Release|Any CPU.Build.0 = Release|Any CPU
	EndGlobalSection
	GlobalSection(SolutionProperties) = preSolution
		HideSolutionNode = FALSE
	EndGlobalSection
	GlobalSection(NestedProjects) = preSolution
		{1D9C2A07-72F2-4F39-8763-58543C4A3995} = {02EA681E-C7D8-13C7-8484-4AC65E1B71E8}
		{5EE09B0B-4D61-4114-A580-013DDCD7F1E3} = {02EA681E-C7D8-13C7-8484-4AC65E1B71E8}
	EndGlobalSection
	GlobalSection(ExtensibilityGlobals) = postSolution
		SolutionGuid = {4F365FFD-4494-481C-9163-DC61364F5821}
	EndGlobalSection
EndGlobal
